
Microsoft Visual Studio Solution File, Format Version 12.00
# Visual Studio Version 17
VisualStudioVersion = 17.9.34616.47
MinimumVisualStudioVersion = 10.0.40219.1
Project("{FAE04EC0-301F-11D3-BF4B-00C04F79EFBC}") = "ComprehensiveStorageApp", "ComprehensiveStorageApp.csproj", "{B1ED02B0-2414-4711-B9D5-FCF33A68C4C8}"
EndProject
Global
	GlobalSection(SolutionConfigurationPlatforms) = preSolution
		Debug|Any CPU = Debug|Any CPU
		Release|Any CPU = Release|Any CPU
	EndGlobalSection
	GlobalSection(ProjectConfigurationPlatforms) = postSolution
		{B1ED02B0-2414-4711-B9D5-FCF33A68C4C8}.Debug|Any CPU.ActiveCfg = Debug|Any CPU
		{B1ED02B0-2414-4711-B9D5-FCF33A68C4C8}.Debug|Any CPU.Build.0 = Debug|Any CPU
		{B1ED02B0-2414-4711-B9D5-FCF33A68C4C8}.Release|Any CPU.ActiveCfg = Release|Any CPU
		{B1ED02B0-2414-4711-B9D5-FCF33A68C4C8}.Release|Any CPU.Build.0 = Release|Any CPU
	EndGlobalSection
	GlobalSection(SolutionProperties) = preSolution
		HideSolutionNode = FALSE
	EndGlobalSection
	GlobalSection(ExtensibilityGlobals) = postSolution
		SolutionGuid = {186779AB-3C42-441E-8A52-51808B50BB52}
	EndGlobalSection
EndGlobal
